
Microsoft Visual Studio Solution File, Format Version 12.00
# Visual Studio Version 16
VisualStudioVersion = 16.0.31205.134
MinimumVisualStudioVersion = 10.0.40219.1
Project("{9A19103F-16F7-4668-BE54-9A1E7A4F7556}") = "Minecraft Auto Resetter by Heineeeeeee", "Minecraft Auto Resetter by Heineeeeeee\Minecraft Auto Resetter by Heineeeeeee.csproj", "{14DD3DC4-8452-4CDD-B06A-AE59BACC1F4D}"
EndProject
Global
	GlobalSection(SolutionConfigurationPlatforms) = preSolution
		Debug|Any CPU = Debug|Any CPU
		Release|Any CPU = Release|Any CPU
	EndGlobalSection
	GlobalSection(ProjectConfigurationPlatforms) = postSolution
		{14DD3DC4-8452-4CDD-B06A-AE59BACC1F4D}.Debug|Any CPU.ActiveCfg = Debug|Any CPU
		{14DD3DC4-8452-4CDD-B06A-AE59BACC1F4D}.Debug|Any CPU.Build.0 = Debug|Any CPU
		{14DD3DC4-8452-4CDD-B06A-AE59BACC1F4D}.Release|Any CPU.ActiveCfg = Release|Any CPU
		{14DD3DC4-8452-4CDD-B06A-AE59BACC1F4D}.Release|Any CPU.Build.0 = Release|Any CPU
	EndGlobalSection
	GlobalSection(SolutionProperties) = preSolution
		HideSolutionNode = FALSE
	EndGlobalSection
	GlobalSection(ExtensibilityGlobals) = postSolution
		SolutionGuid = {AF4039C5-9682-420B-977A-77B678B99715}
	EndGlobalSection
EndGlobal
